{
  "originHash" : "87854607d52f488529406a2f3eb98e888cbe959c97c70b323f0910c97442817a",
  "pins" : [
    {
      "identity" : "kingfisher",
      "kind" : "remoteSourceControl",
      "location" : "https://github.com/onevcat/Kingfisher.git",
      "state" : {
        "revision" : "7deda23bbdca612076c5c315003d8638a08ed0f1",
        "version" : "8.3.2"
      }
    },
    {
      "identity" : "svgnative-xcode",
      "kind" : "remoteSourceControl",
      "location" : "https://github.com/SDWebImage/svgnative-Xcode.git",
      "state" : {
        "revision" : "de560bb9f69bc89f4624855998148eb6e0bb8e60",
        "version" : "0.1.0"
      }
    }
  ],
  "version" : 3
}
